// !$*UTF8*$!
{
	archiveVersion = 1;
	classes = {
	};
	objectVersion = 46;
	objects = {

/* Begin PBXBuildFile section */
		25345D851A2C59B60030AC57 /* main.m in Sources */ = {isa = PBXBuildFile; fileRef = 25345D841A2C59B60030AC57 /* main.m */; };
		25345D881A2C59B60030AC57 /* AppDelegate.m in Sources */ = {isa = PBXBuildFile; fileRef = 25345D871A2C59B60030AC57 /* AppDelegate.m */; };
		25345D8B1A2C59B60030AC57 /* ViewController.m in Sources */ = {isa = PBXBuildFile; fileRef = 25345D8A1A2C59B60030AC57 /* ViewController.m */; };
		25345D8E1A2C59B60030AC57 /* Main.storyboard in Resources */ = {isa = PBXBuildFile; fileRef = 25345D8C1A2C59B60030AC57 /* Main.storyboard */; };
		25345D901A2C59B60030AC57 /* Images.xcassets in Resources */ = {isa = PBXBuildFile; fileRef = 25345D8F1A2C59B60030AC57 /* Images.xcassets */; };
		25345D931A2C59B60030AC57 /* LaunchScreen.xib in Resources */ = {isa = PBXBuildFile; fileRef = 25345D911A2C59B60030AC57 /* LaunchScreen.xib */; };
		25345D9F1A2C59B60030AC57 /* BloothTestTests.m in Sources */ = {isa = PBXBuildFile; fileRef = 25345D9E1A2C59B60030AC57 /* BloothTestTests.m */; };
/* End PBXBuildFile section */

/* Begin PBXContainerItemProxy section */
		25345D991A2C59B60030AC57 /* PBXContainerItemProxy */ = {
			isa = PBXContainerItemProxy;
			containerPortal = 25345D771A2C59B60030AC57 /* Project object */;
			proxyType = 1;
			remoteGlobalIDString = 25345D7E1A2C59B60030AC57;
			remoteInfo = BloothTest;
		};
/* End PBXContainerItemProxy section */

/* Begin PBXFileReference section */
		25345D7F1A2C59B60030AC57 /* BloothTest.app */ = {isa = PBXFileReference; explicitFileType = wrapper.application; includeInIndex = 0; path = BloothTest.app; sourceTree = BUILT_PRODUCTS_DIR; };
		25345D831A2C59B60030AC57 /* Info.plist */ = {isa = PBXFileReference; lastKnownFileType = text.plist.xml; path = Info.plist; sourceTree = "<group>"; };
		25345D841A2C59B60030AC57 /* main.m */ = {isa = PBXFileReference; lastKnownFileType = sourcecode.c.objc; path = main.m; sourceTree = "<group>"; };
		25345D861A2C59B60030AC57 /* AppDelegate.h */ = {isa = PBXFileReference; lastKnownFileType = sourcecode.c.h; path = AppDelegate.h; sourceTree = "<group>"; };
		25345D871A2C59B60030AC57 /* AppDelegate.m */ = {isa = PBXFileReference; lastKnownFileType = sourcecode.c.objc; path = AppDelegate.m; sourceTree = "<group>"; };
		25345D891A2C59B60030AC57 /* ViewController.h */ = {isa = PBXFileReference; lastKnownFileType = sourcecode.c.h; path = ViewController.h; sourceTree = "<group>"; };
		25345D8A1A2C59B60030AC57 /* ViewController.m */ = {isa = PBXFileReference; lastKnownFileType = sourcecode.c.objc; path = ViewController.m; sourceTree = "<group>"; };
		25345D8D1A2C59B60030AC57 /* Base */ = {isa = PBXFileReference; lastKnownFileType = file.storyboard; name = Base; path = Base.lproj/Main.storyboard; sourceTree = "<group>"; };
		25345D8F1A2C59B60030AC57 /* Images.xcassets */ = {isa = PBXFileReference; lastKnownFileType = folder.assetcatalog; path = Images.xcassets; sourceTree = "<group>"; };
		25345D921A2C59B60030AC57 /* Base */ = {isa = PBXFileReference; lastKnownFileType = file.xib; name = Base; path = Base.lproj/LaunchScreen.xib; sourceTree = "<group>"; };
		25345D981A2C59B60030AC57 /* BloothTestTests.xctest */ = {isa = PBXFileReference; explicitFileType = wrapper.cfbundle; includeInIndex = 0; path = BloothTestTests.xctest; sourceTree = BUILT_PRODUCTS_DIR; };
		25345D9D1A2C59B60030AC57 /* Info.plist */ = {isa = PBXFileReference; lastKnownFileType = text.plist.xml; path = Info.plist; sourceTree = "<group>"; };
		25345D9E1A2C59B60030AC57 /* BloothTestTests.m */ = {isa = PBXFileReference; lastKnownFileType = sourcecode.c.objc; path = BloothTestTests.m; sourceTree = "<group>"; };
/* End PBXFileReference section */

/* Begin PBXFrameworksBuildPhase section */
		25345D7C1A2C59B60030AC57 /* Frameworks */ = {
			isa = PBXFrameworksBuildPhase;
			buildActionMask = 2147483647;
			files = (
			);
			runOnlyForDeploymentPostprocessing = 0;
		};
		25345D951A2C59B60030AC57 /* Frameworks */ = {
			isa = PBXFrameworksBuildPhase;
			buildActionMask = 2147483647;
			files = (
			);
			runOnlyForDeploymentPostprocessing = 0;
		};
/* End PBXFrameworksBuildPhase section */

/* Begin PBXGroup section */
		25345D761A2C59B60030AC57 = {
			isa = PBXGroup;
			children = (
				25345D811A2C59B60030AC57 /* BloothTest */,
				25345D9B1A2C59B60030AC57 /* BloothTestTests */,
				25345D801A2C59B60030AC57 /* Products */,
			);
			sourceTree = "<group>";
		};
		25345D801A2C59B60030AC57 /* Products */ = {
			isa = PBXGroup;
			children = (
				25345D7F1A2C59B60030AC57 /* BloothTest.app */,
				25345D981A2C59B60030AC57 /* BloothTestTests.xctest */,
			);
			name = Products;
			sourceTree = "<group>";
		};
		25345D811A2C59B60030AC57 /* BloothTest */ = {
			isa = PBXGroup;
			children = (
				25345D861A2C59B60030AC57 /* AppDelegate.h */,
				25345D871A2C59B60030AC57 /* AppDelegate.m */,
				25345D891A2C59B60030AC57 /* ViewController.h */,
				25345D8A1A2C59B60030AC57 /* ViewController.m */,
				25345D8C1A2C59B60030AC57 /* Main.storyboard */,
				25345D8F1A2C59B60030AC57 /* Images.xcassets */,
				25345D911A2C59B60030AC57 /* LaunchScreen.xib */,
				25345D821A2C59B60030AC57 /* Supporting Files */,
			);
			path = BloothTest;
			sourceTree = "<group>";
		};
		25345D821A2C59B60030AC57 /* Supporting Files */ = {
			isa = PBXGroup;
			children = (
				25345D831A2C59B60030AC57 /* Info.plist */,
				25345D841A2C59B60030AC57 /* main.m */,
			);
			name = "Supporting Files";
			sourceTree = "<group>";
		};
		25345D9B1A2C59B60030AC57 /* BloothTestTests */ = {
			isa = PBXGroup;
			children = (
				25345D9E1A2C59B60030AC57 /* BloothTestTests.m */,
				25345D9C1A2C59B60030AC57 /* Supporting Files */,
			);
			path = BloothTestTests;
			sourceTree = "<group>";
		};
		25345D9C1A2C59B60030AC57 /* Supporting Files */ = {
			isa = PBXGroup;
			children = (
				25345D9D1A2C59B60030AC57 /* Info.plist */,
			);
			name = "Supporting Files";
			sourceTree = "<group>";
		};
/* End PBXGroup section */

/* Begin PBXNativeTarget section */
		25345D7E1A2C59B60030AC57 /* BloothTest */ = {
			isa = PBXNativeTarget;
			buildConfigurationList = 25345DA21A2C59B60030AC57 /* Build configuration list for PBXNativeTarget "BloothTest" */;
			buildPhases = (
				25345D7B1A2C59B60030AC57 /* Sources */,
				25345D7C1A2C59B60030AC57 /* Frameworks */,
				25345D7D1A2C59B60030AC57 /* Resources */,
			);
			buildRules = (
			);
			dependencies = (
			);
			name = BloothTest;
			productName = BloothTest;
			productReference = 25345D7F1A2C59B60030AC57 /* BloothTest.app */;
			productType = "com.apple.product-type.application";
		};
		25345D971A2C59B60030AC57 /* BloothTestTests */ = {
			isa = PBXNativeTarget;
			buildConfigurationList = 25345DA51A2C59B60030AC57 /* Build configuration list for PBXNativeTarget "BloothTestTests" */;
			buildPhases = (
				25345D941A2C59B60030AC57 /* Sources */,
				25345D951A2C59B60030AC57 /* Frameworks */,
				25345D961A2C59B60030AC57 /* Resources */,
			);
			buildRules = (
			);
			dependencies = (
				25345D9A1A2C59B60030AC57 /* PBXTargetDependency */,
			);
			name = BloothTestTests;
			productName = BloothTestTests;
			productReference = 25345D981A2C59B60030AC57 /* BloothTestTests.xctest */;
			productType = "com.apple.product-type.bundle.unit-test";
		};
/* End PBXNativeTarget section */

/* Begin PBXProject section */
		25345D771A2C59B60030AC57 /* Project object */ = {
			isa = PBXProject;
			attributes = {
				LastUpgradeCheck = 0610;
				ORGANIZATIONNAME = yuanbo;
				TargetAttributes = {
					25345D7E1A2C59B60030AC57 = {
						CreatedOnToolsVersion = 6.1;
					};
					25345D971A2C59B60030AC57 = {
						CreatedOnToolsVersion = 6.1;
						TestTargetID = 25345D7E1A2C59B60030AC57;
					};
				};
			};
			buildConfigurationList = 25345D7A1A2C59B60030AC57 /* Build configuration list for PBXProject "BloothTest" */;
			compatibilityVersion = "Xcode 3.2";
			developmentRegion = English;
			hasScannedForEncodings = 0;
			knownRegions = (
				en,
				Base,
			);
			mainGroup = 25345D761A2C59B60030AC57;
			productRefGroup = 25345D801A2C59B60030AC57 /* Products */;
			projectDirPath = "";
			projectRoot = "";
			targets = (
				25345D7E1A2C59B60030AC57 /* BloothTest */,
				25345D971A2C59B60030AC57 /* BloothTestTests */,
			);
		};
/* End PBXProject section */

/* Begin PBXResourcesBuildPhase section */
		25345D7D1A2C59B60030AC57 /* Resources */ = {
			isa = PBXResourcesBuildPhase;
			buildActionMask = 2147483647;
			files = (
				25345D8E1A2C59B60030AC57 /* Main.storyboard in Resources */,
				25345D931A2C59B60030AC57 /* LaunchScreen.xib in Resources */,
				25345D901A2C59B60030AC57 /* Images.xcassets in Resources */,
			);
			runOnlyForDeploymentPostprocessing = 0;
		};
		25345D961A2C59B60030AC57 /* Resources */ = {
			isa = PBXResourcesBuildPhase;
			buildActionMask = 2147483647;
			files = (
			);
			runOnlyForDeploymentPostprocessing = 0;
		};
/* End PBXResourcesBuildPhase section */

/* Begin PBXSourcesBuildPhase section */
		25345D7B1A2C59B60030AC57 /* Sources */ = {
			isa = PBXSourcesBuildPhase;
			buildActionMask = 2147483647;
			files = (
				25345D8B1A2C59B60030AC57 /* ViewController.m in Sources */,
				25345D881A2C59B60030AC57 /* AppDelegate.m in Sources */,
				25345D851A2C59B60030AC57 /* main.m in Sources */,
			);
			runOnlyForDeploymentPostprocessing = 0;
		};
		25345D941A2C59B60030AC57 /* Sources */ = {
			isa = PBXSourcesBuildPhase;
			buildActionMask = 2147483647;
			files = (
				25345D9F1A2C59B60030AC57 /* BloothTestTests.m in Sources */,
			);
			runOnlyForDeploymentPostprocessing = 0;
		};
/* End PBXSourcesBuildPhase section */

/* Begin PBXTargetDependency section */
		25345D9A1A2C59B60030AC57 /* PBXTargetDependency */ = {
			isa = PBXTargetDependency;
			target = 25345D7E1A2C59B60030AC57 /* BloothTest */;
			targetProxy = 25345D991A2C59B60030AC57 /* PBXContainerItemProxy */;
		};
/* End PBXTargetDependency section */

/* Begin PBXVariantGroup section */
		25345D8C1A2C59B60030AC57 /* Main.storyboard */ = {
			isa = PBXVariantGroup;
			children = (
				25345D8D1A2C59B60030AC57 /* Base */,
			);
			name = Main.storyboard;
			sourceTree = "<group>";
		};
		25345D911A2C59B60030AC57 /* LaunchScreen.xib */ = {
			isa = PBXVariantGroup;
			children = (
				25345D921A2C59B60030AC57 /* Base */,
			);
			name = LaunchScreen.xib;
			sourceTree = "<group>";
		};
/* End PBXVariantGroup section */

/* Begin XCBuildConfiguration section */
		25345DA01A2C59B60030AC57 /* Debug */ = {
			isa = XCBuildConfiguration;
			buildSettings = {
				ALWAYS_SEARCH_USER_PATHS = NO;
				CLANG_CXX_LANGUAGE_STANDARD = "gnu++0x";
				CLANG_CXX_LIBRARY = "libc++";
				CLANG_ENABLE_MODULES = YES;
				CLANG_ENABLE_OBJC_ARC = YES;
				CLANG_WARN_BOOL_CONVERSION = YES;
				CLANG_WARN_CONSTANT_CONVERSION = YES;
				CLANG_WARN_DIRECT_OBJC_ISA_USAGE = YES_ERROR;
				CLANG_WARN_EMPTY_BODY = YES;
				CLANG_WARN_ENUM_CONVERSION = YES;
				CLANG_WARN_INT_CONVERSION = YES;
				CLANG_WARN_OBJC_ROOT_CLASS = YES_ERROR;
				CLANG_WARN_UNREACHABLE_CODE = YES;
				CLANG_WARN__DUPLICATE_METHOD_MATCH = YES;
				"CODE_SIGN_IDENTITY[sdk=iphoneos*]" = "iPhone Developer";
				COPY_PHASE_STRIP = NO;
				ENABLE_STRICT_OBJC_MSGSEND = YES;
				GCC_C_LANGUAGE_STANDARD = gnu99;
				GCC_DYNAMIC_NO_PIC = NO;
				GCC_OPTIMIZATION_LEVEL = 0;
				GCC_PREPROCESSOR_DEFINITIONS = (
					"DEBUG=1",
					"$(inherited)",
				);
				GCC_SYMBOLS_PRIVATE_EXTERN = NO;
				GCC_WARN_64_TO_32_BIT_CONVERSION = YES;
				GCC_WARN_ABOUT_RETURN_TYPE = YES_ERROR;
				GCC_WARN_UNDECLARED_SELECTOR = YES;
				GCC_WARN_UNINITIALIZED_AUTOS = YES_AGGRESSIVE;
				GCC_WARN_UNUSED_FUNCTION = YES;
				GCC_WARN_UNUSED_VARIABLE = YES;
				IPHONEOS_DEPLOYMENT_TARGET = 8.1;
				MTL_ENABLE_DEBUG_INFO = YES;
				ONLY_ACTIVE_ARCH = YES;
				SDKROOT = iphoneos;
				TARGETED_DEVICE_FAMILY = "1,2";
			};
			name = Debug;
		};
		25345DA11A2C59B60030AC57 /* Release */ = {
			isa = XCBuildConfiguration;
			buildSettings = {
				ALWAYS_SEARCH_USER_PATHS = NO;
				CLANG_CXX_LANGUAGE_STANDARD = "gnu++0x";
				CLANG_CXX_LIBRARY = "libc++";
				CLANG_ENABLE_MODULES = YES;
				CLANG_ENABLE_OBJC_ARC = YES;
				CLANG_WARN_BOOL_CONVERSION = YES;
				CLANG_WARN_CONSTANT_CONVERSION = YES;
				CLANG_WARN_DIRECT_OBJC_ISA_USAGE = YES_ERROR;
				CLANG_WARN_EMPTY_BODY = YES;
				CLANG_WARN_ENUM_CONVERSION = YES;
				CLANG_WARN_INT_CONVERSION = YES;
				CLANG_WARN_OBJC_ROOT_CLASS = YES_ERROR;
				CLANG_WARN_UNREACHABLE_CODE = YES;
				CLANG_WARN__DUPLICATE_METHOD_MATCH = YES;
				"CODE_SIGN_IDENTITY[sdk=iphoneos*]" = "iPhone Developer";
				COPY_PHASE_STRIP = YES;
				ENABLE_NS_ASSERTIONS = NO;
				ENABLE_STRICT_OBJC_MSGSEND = YES;
				GCC_C_LANGUAGE_STANDARD = gnu99;
				GCC_WARN_64_TO_32_BIT_CONVERSION = YES;
				GCC_WARN_ABOUT_RETURN_TYPE = YES_ERROR;
				GCC_WARN_UNDECLARED_SELECTOR = YES;
				GCC_WARN_UNINITIALIZED_AUTOS = YES_AGGRESSIVE;
				GCC_WARN_UNUSED_FUNCTION = YES;
				GCC_WARN_UNUSED_VARIABLE = YES;
				IPHONEOS_DEPLOYMENT_TARGET = 8.1;
				MTL_ENABLE_DEBUG_INFO = NO;
				SDKROOT = iphoneos;
				TARGETED_DEVICE_FAMILY = "1,2";
				VALIDATE_PRODUCT = YES;
			};
			name = Release;
		};
		25345DA31A2C59B60030AC57 /* Debug */ = {
			isa = XCBuildConfiguration;
			buildSettings = {
				ASSETCATALOG_COMPILER_APPICON_NAME = AppIcon;
				INFOPLIST_FILE = BloothTest/Info.plist;
				LD_RUNPATH_SEARCH_PATHS = "$(inherited) @executable_path/Frameworks";
				PRODUCT_NAME = "$(TARGET_NAME)";
			};
			name = Debug;
		};
		25345DA41A2C59B60030AC57 /* Release */ = {
			isa = XCBuildConfiguration;
			buildSettings = {
				ASSETCATALOG_COMPILER_APPICON_NAME = AppIcon;
				INFOPLIST_FILE = BloothTest/Info.plist;
				LD_RUNPATH_SEARCH_PATHS = "$(inherited) @executable_path/Frameworks";
				PRODUCT_NAME = "$(TARGET_NAME)";
			};
			name = Release;
		};
		25345DA61A2C59B60030AC57 /* Debug */ = {
			isa = XCBuildConfiguration;
			buildSettings = {
				BUNDLE_LOADER = "$(TEST_HOST)";
				FRAMEWORK_SEARCH_PATHS = (
					"$(SDKROOT)/Developer/Library/Frameworks",
					"$(inherited)",
				);
				GCC_PREPROCESSOR_DEFINITIONS = (
					"DEBUG=1",
					"$(inherited)",
				);
				INFOPLIST_FILE = BloothTestTests/Info.plist;
				LD_RUNPATH_SEARCH_PATHS = "$(inherited) @executable_path/Frameworks @loader_path/Frameworks";
				PRODUCT_NAME = "$(TARGET_NAME)";
				TEST_HOST = "$(BUILT_PRODUCTS_DIR)/BloothTest.app/BloothTest";
			};
			name = Debug;
		};
		25345DA71A2C59B60030AC57 /* Release */ = {
			isa = XCBuildConfiguration;
			buildSettings = {
				BUNDLE_LOADER = "$(TEST_HOST)";
				FRAMEWORK_SEARCH_PATHS = (
					"$(SDKROOT)/Developer/Library/Frameworks",
					"$(inherited)",
				);
				INFOPLIST_FILE = BloothTestTests/Info.plist;
				LD_RUNPATH_SEARCH_PATHS = "$(inherited) @executable_path/Frameworks @loader_path/Frameworks";
				PRODUCT_NAME = "$(TARGET_NAME)";
				TEST_HOST = "$(BUILT_PRODUCTS_DIR)/BloothTest.app/BloothTest";
			};
			name = Release;
		};
/* End XCBuildConfiguration section */

/* Begin XCConfigurationList section */
		25345D7A1A2C59B60030AC57 /* Build configuration list for PBXProject "BloothTest" */ = {
			isa = XCConfigurationList;
			buildConfigurations = (
				25345DA01A2C59B60030AC57 /* Debug */,
				25345DA11A2C59B60030AC57 /* Release */,
			);
			defaultConfigurationIsVisible = 0;
			defaultConfigurationName = Release;
		};
		25345DA21A2C59B60030AC57 /* Build configuration list for PBXNativeTarget "BloothTest" */ = {
			isa = XCConfigurationList;
			buildConfigurations = (
				25345DA31A2C59B60030AC57 /* Debug */,
				25345DA41A2C59B60030AC57 /* Release */,
			);
			defaultConfigurationIsVisible = 0;
		};
		25345DA51A2C59B60030AC57 /* Build configuration list for PBXNativeTarget "BloothTestTests" */ = {
			isa = XCConfigurationList;
			buildConfigurations = (
				25345DA61A2C59B60030AC57 /* Debug */,
				25345DA71A2C59B60030AC57 /* Release */,
			);
			defaultConfigurationIsVisible = 0;
		};
/* End XCConfigurationList section */
	};
	rootObject = 25345D771A2C59B60030AC57 /* Project object */;
}
